// !$*UTF8*$!
{
	archiveVersion = 1;
	classes = {
	};
	objectVersion = 46;
	objects = {

/* Begin PBXBuildFile section */
		4C6CA9E31C34D08400A92DFB /* AppDelegate.swift in Sources */ = {isa = PBXBuildFile; fileRef = 4C6CA9E21C34D08400A92DFB /* AppDelegate.swift */; };
		4C6CA9E51C34D08400A92DFB /* ViewController.swift in Sources */ = {isa = PBXBuildFile; fileRef = 4C6CA9E41C34D08400A92DFB /* ViewController.swift */; };
		4C6CA9E81C34D08400A92DFB /* Main.storyboard in Resources */ = {isa = PBXBuildFile; fileRef = 4C6CA9E61C34D08400A92DFB /* Main.storyboard */; };
		4C6CA9EA1C34D08400A92DFB /* Assets.xcassets in Resources */ = {isa = PBXBuildFile; fileRef = 4C6CA9E91C34D08400A92DFB /* Assets.xcassets */; };
		4C6CA9ED1C34D08400A92DFB /* LaunchScreen.storyboard in Resources */ = {isa = PBXBuildFile; fileRef = 4C6CA9EB1C34D08400A92DFB /* LaunchScreen.storyboard */; };
		4C6CA9F81C34D08400A92DFB /* TipperTests.swift in Sources */ = {isa = PBXBuildFile; fileRef = 4C6CA9F71C34D08400A92DFB /* TipperTests.swift */; };
		4C6CAA031C34D08400A92DFB /* TipperUITests.swift in Sources */ = {isa = PBXBuildFile; fileRef = 4C6CAA021C34D08400A92DFB /* TipperUITests.swift */; };
/* End PBXBuildFile section */

/* Begin PBXContainerItemProxy section */
		4C6CA9F41C34D08400A92DFB /* PBXContainerItemProxy */ = {
			isa = PBXContainerItemProxy;
			containerPortal = 4C6CA9D71C34D08300A92DFB /* Project object */;
			proxyType = 1;
			remoteGlobalIDString = 4C6CA9DE1C34D08300A92DFB;
			remoteInfo = Tipper;
		};
		4C6CA9FF1C34D08400A92DFB /* PBXContainerItemProxy */ = {
			isa = PBXContainerItemProxy;
			containerPortal = 4C6CA9D71C34D08300A92DFB /* Project object */;
			proxyType = 1;
			remoteGlobalIDString = 4C6CA9DE1C34D08300A92DFB;
			remoteInfo = Tipper;
		};
/* End PBXContainerItemProxy section */

/* Begin PBXFileReference section */
		4C6CA9DF1C34D08300A92DFB /* Tipper.app */ = {isa = PBXFileReference; explicitFileType = wrapper.application; includeInIndex = 0; path = Tipper.app; sourceTree = BUILT_PRODUCTS_DIR; };
		4C6CA9E21C34D08400A92DFB /* AppDelegate.swift */ = {isa = PBXFileReference; lastKnownFileType = sourcecode.swift; path = AppDelegate.swift; sourceTree = "<group>"; };
		4C6CA9E41C34D08400A92DFB /* ViewController.swift */ = {isa = PBXFileReference; lastKnownFileType = sourcecode.swift; path = ViewController.swift; sourceTree = "<group>"; };
		4C6CA9E71C34D08400A92DFB /* Base */ = {isa = PBXFileReference; lastKnownFileType = file.storyboard; name = Base; path = Base.lproj/Main.storyboard; sourceTree = "<group>"; };
		4C6CA9E91C34D08400A92DFB /* Assets.xcassets */ = {isa = PBXFileReference; lastKnownFileType = folder.assetcatalog; path = Assets.xcassets; sourceTree = "<group>"; };
		4C6CA9EC1C34D08400A92DFB /* Base */ = {isa = PBXFileReference; lastKnownFileType = file.storyboard; name = Base; path = Base.lproj/LaunchScreen.storyboard; sourceTree = "<group>"; };
		4C6CA9EE1C34D08400A92DFB /* Info.plist */ = {isa = PBXFileReference; lastKnownFileType = text.plist.xml; path = Info.plist; sourceTree = "<group>"; };
		4C6CA9F31C34D08400A92DFB /* TipperTests.xctest */ = {isa = PBXFileReference; explicitFileType = wrapper.cfbundle; includeInIndex = 0; path = TipperTests.xctest; sourceTree = BUILT_PRODUCTS_DIR; };
		4C6CA9F71C34D08400A92DFB /* TipperTests.swift */ = {isa = PBXFileReference; lastKnownFileType = sourcecode.swift; path = TipperTests.swift; sourceTree = "<group>"; };
		4C6CA9F91C34D08400A92DFB /* Info.plist */ = {isa = PBXFileReference; lastKnownFileType = text.plist.xml; path = Info.plist; sourceTree = "<group>"; };
		4C6CA9FE1C34D08400A92DFB /* TipperUITests.xctest */ = {isa = PBXFileReference; explicitFileType = wrapper.cfbundle; includeInIndex = 0; path = TipperUITests.xctest; sourceTree = BUILT_PRODUCTS_DIR; };
		4C6CAA021C34D08400A92DFB /* TipperUITests.swift */ = {isa = PBXFileReference; lastKnownFileType = sourcecode.swift; path = TipperUITests.swift; sourceTree = "<group>"; };
		4C6CAA041C34D08400A92DFB /* Info.plist */ = {isa = PBXFileReference; lastKnownFileType = text.plist.xml; path = Info.plist; sourceTree = "<group>"; };
/* End PBXFileReference section */

/* Begin PBXFrameworksBuildPhase section */
		4C6CA9DC1C34D08300A92DFB /* Frameworks */ = {
			isa = PBXFrameworksBuildPhase;
			buildActionMask = 2147483647;
			files = (
			);
			runOnlyForDeploymentPostprocessing = 0;
		};
		4C6CA9F01C34D08400A92DFB /* Frameworks */ = {
			isa = PBXFrameworksBuildPhase;
			buildActionMask = 2147483647;
			files = (
			);
			runOnlyForDeploymentPostprocessing = 0;
		};
		4C6CA9FB1C34D08400A92DFB /* Frameworks */ = {
			isa = PBXFrameworksBuildPhase;
			buildActionMask = 2147483647;
			files = (
			);
			runOnlyForDeploymentPostprocessing = 0;
		};
/* End PBXFrameworksBuildPhase section */

/* Begin PBXGroup section */
		4C6CA9D61C34D08300A92DFB = {
			isa = PBXGroup;
			children = (
				4C6CA9E11C34D08300A92DFB /* Tipper */,
				4C6CA9F61C34D08400A92DFB /* TipperTests */,
				4C6CAA011C34D08400A92DFB /* TipperUITests */,
				4C6CA9E01C34D08300A92DFB /* Products */,
			);
			sourceTree = "<group>";
		};
		4C6CA9E01C34D08300A92DFB /* Products */ = {
			isa = PBXGroup;
			children = (
				4C6CA9DF1C34D08300A92DFB /* Tipper.app */,
				4C6CA9F31C34D08400A92DFB /* TipperTests.xctest */,
				4C6CA9FE1C34D08400A92DFB /* TipperUITests.xctest */,
			);
			name = Products;
			sourceTree = "<group>";
		};
		4C6CA9E11C34D08300A92DFB /* Tipper */ = {
			isa = PBXGroup;
			children = (
				4C6CA9E21C34D08400A92DFB /* AppDelegate.swift */,
				4C6CA9E41C34D08400A92DFB /* ViewController.swift */,
				4C6CA9E61C34D08400A92DFB /* Main.storyboard */,
				4C6CA9E91C34D08400A92DFB /* Assets.xcassets */,
				4C6CA9EB1C34D08400A92DFB /* LaunchScreen.storyboard */,
				4C6CA9EE1C34D08400A92DFB /* Info.plist */,
			);
			path = Tipper;
			sourceTree = "<group>";
		};
		4C6CA9F61C34D08400A92DFB /* TipperTests */ = {
			isa = PBXGroup;
			children = (
				4C6CA9F71C34D08400A92DFB /* TipperTests.swift */,
				4C6CA9F91C34D08400A92DFB /* Info.plist */,
			);
			path = TipperTests;
			sourceTree = "<group>";
		};
		4C6CAA011C34D08400A92DFB /* TipperUITests */ = {
			isa = PBXGroup;
			children = (
				4C6CAA021C34D08400A92DFB /* TipperUITests.swift */,
				4C6CAA041C34D08400A92DFB /* Info.plist */,
			);
			path = TipperUITests;
			sourceTree = "<group>";
		};
/* End PBXGroup section */

/* Begin PBXNativeTarget section */
		4C6CA9DE1C34D08300A92DFB /* Tipper */ = {
			isa = PBXNativeTarget;
			buildConfigurationList = 4C6CAA071C34D08400A92DFB /* Build configuration list for PBXNativeTarget "Tipper" */;
			buildPhases = (
				4C6CA9DB1C34D08300A92DFB /* Sources */,
				4C6CA9DC1C34D08300A92DFB /* Frameworks */,
				4C6CA9DD1C34D08300A92DFB /* Resources */,
			);
			buildRules = (
			);
			dependencies = (
			);
			name = Tipper;
			productName = Tipper;
			productReference = 4C6CA9DF1C34D08300A92DFB /* Tipper.app */;
			productType = "com.apple.product-type.application";
		};
		4C6CA9F21C34D08400A92DFB /* TipperTests */ = {
			isa = PBXNativeTarget;
			buildConfigurationList = 4C6CAA0A1C34D08400A92DFB /* Build configuration list for PBXNativeTarget "TipperTests" */;
			buildPhases = (
				4C6CA9EF1C34D08400A92DFB /* Sources */,
				4C6CA9F01C34D08400A92DFB /* Frameworks */,
				4C6CA9F11C34D08400A92DFB /* Resources */,
			);
			buildRules = (
			);
			dependencies = (
				4C6CA9F51C34D08400A92DFB /* PBXTargetDependency */,
			);
			name = TipperTests;
			productName = TipperTests;
			productReference = 4C6CA9F31C34D08400A92DFB /* TipperTests.xctest */;
			productType = "com.apple.product-type.bundle.unit-test";
		};
		4C6CA9FD1C34D08400A92DFB /* TipperUITests */ = {
			isa = PBXNativeTarget;
			buildConfigurationList = 4C6CAA0D1C34D08400A92DFB /* Build configuration list for PBXNativeTarget "TipperUITests" */;
			buildPhases = (
				4C6CA9FA1C34D08400A92DFB /* Sources */,
				4C6CA9FB1C34D08400A92DFB /* Frameworks */,
				4C6CA9FC1C34D08400A92DFB /* Resources */,
			);
			buildRules = (
			);
			dependencies = (
				4C6CAA001C34D08400A92DFB /* PBXTargetDependency */,
			);
			name = TipperUITests;
			productName = TipperUITests;
			productReference = 4C6CA9FE1C34D08400A92DFB /* TipperUITests.xctest */;
			productType = "com.apple.product-type.bundle.ui-testing";
		};
/* End PBXNativeTarget section */

/* Begin PBXProject section */
		4C6CA9D71C34D08300A92DFB /* Project object */ = {
			isa = PBXProject;
			attributes = {
				LastSwiftUpdateCheck = 0720;
				LastUpgradeCheck = 0720;
				ORGANIZATIONNAME = "Vivian Wang";
				TargetAttributes = {
					4C6CA9DE1C34D08300A92DFB = {
						CreatedOnToolsVersion = 7.2;
					};
					4C6CA9F21C34D08400A92DFB = {
						CreatedOnToolsVersion = 7.2;
						TestTargetID = 4C6CA9DE1C34D08300A92DFB;
					};
					4C6CA9FD1C34D08400A92DFB = {
						CreatedOnToolsVersion = 7.2;
						TestTargetID = 4C6CA9DE1C34D08300A92DFB;
					};
				};
			};
			buildConfigurationList = 4C6CA9DA1C34D08300A92DFB /* Build configuration list for PBXProject "Tipper" */;
			compatibilityVersion = "Xcode 3.2";
			developmentRegion = English;
			hasScannedForEncodings = 0;
			knownRegions = (
				en,
				Base,
			);
			mainGroup = 4C6CA9D61C34D08300A92DFB;
			productRefGroup = 4C6CA9E01C34D08300A92DFB /* Products */;
			projectDirPath = "";
			projectRoot = "";
			targets = (
				4C6CA9DE1C34D08300A92DFB /* Tipper */,
				4C6CA9F21C34D08400A92DFB /* TipperTests */,
				4C6CA9FD1C34D08400A92DFB /* TipperUITests */,
			);
		};
/* End PBXProject section */

/* Begin PBXResourcesBuildPhase section */
		4C6CA9DD1C34D08300A92DFB /* Resources */ = {
			isa = PBXResourcesBuildPhase;
			buildActionMask = 2147483647;
			files = (
				4C6CA9ED1C34D08400A92DFB /* LaunchScreen.storyboard in Resources */,
				4C6CA9EA1C34D08400A92DFB /* Assets.xcassets in Resources */,
				4C6CA9E81C34D08400A92DFB /* Main.storyboard in Resources */,
			);
			runOnlyForDeploymentPostprocessing = 0;
		};
		4C6CA9F11C34D08400A92DFB /* Resources */ = {
			isa = PBXResourcesBuildPhase;
			buildActionMask = 2147483647;
			files = (
			);
			runOnlyForDeploymentPostprocessing = 0;
		};
		4C6CA9FC1C34D08400A92DFB /* Resources */ = {
			isa = PBXResourcesBuildPhase;
			buildActionMask = 2147483647;
			files = (
			);
			runOnlyForDeploymentPostprocessing = 0;
		};
/* End PBXResourcesBuildPhase section */

/* Begin PBXSourcesBuildPhase section */
		4C6CA9DB1C34D08300A92DFB /* Sources */ = {
			isa = PBXSourcesBuildPhase;
			buildActionMask = 2147483647;
			files = (
				4C6CA9E51C34D08400A92DFB /* ViewController.swift in Sources */,
				4C6CA9E31C34D08400A92DFB /* AppDelegate.swift in Sources */,
			);
			runOnlyForDeploymentPostprocessing = 0;
		};
		4C6CA9EF1C34D08400A92DFB /* Sources */ = {
			isa = PBXSourcesBuildPhase;
			buildActionMask = 2147483647;
			files = (
				4C6CA9F81C34D08400A92DFB /* TipperTests.swift in Sources */,
			);
			runOnlyForDeploymentPostprocessing = 0;
		};
		4C6CA9FA1C34D08400A92DFB /* Sources */ = {
			isa = PBXSourcesBuildPhase;
			buildActionMask = 2147483647;
			files = (
				4C6CAA031C34D08400A92DFB /* TipperUITests.swift in Sources */,
			);
			runOnlyForDeploymentPostprocessing = 0;
		};
/* End PBXSourcesBuildPhase section */

/* Begin PBXTargetDependency section */
		4C6CA9F51C34D08400A92DFB /* PBXTargetDependency */ = {
			isa = PBXTargetDependency;
			target = 4C6CA9DE1C34D08300A92DFB /* Tipper */;
			targetProxy = 4C6CA9F41C34D08400A92DFB /* PBXContainerItemProxy */;
		};
		4C6CAA001C34D08400A92DFB /* PBXTargetDependency */ = {
			isa = PBXTargetDependency;
			target = 4C6CA9DE1C34D08300A92DFB /* Tipper */;
			targetProxy = 4C6CA9FF1C34D08400A92DFB /* PBXContainerItemProxy */;
		};
/* End PBXTargetDependency section */

/* Begin PBXVariantGroup section */
		4C6CA9E61C34D08400A92DFB /* Main.storyboard */ = {
			isa = PBXVariantGroup;
			children = (
				4C6CA9E71C34D08400A92DFB /* Base */,
			);
			name = Main.storyboard;
			sourceTree = "<group>";
		};
		4C6CA9EB1C34D08400A92DFB /* LaunchScreen.storyboard */ = {
			isa = PBXVariantGroup;
			children = (
				4C6CA9EC1C34D08400A92DFB /* Base */,
			);
			name = LaunchScreen.storyboard;
			sourceTree = "<group>";
		};
/* End PBXVariantGroup section */

/* Begin XCBuildConfiguration section */
		4C6CAA051C34D08400A92DFB /* Debug */ = {
			isa = XCBuildConfiguration;
			buildSettings = {
				ALWAYS_SEARCH_USER_PATHS = NO;
				CLANG_CXX_LANGUAGE_STANDARD = "gnu++0x";
				CLANG_CXX_LIBRARY = "libc++";
				CLANG_ENABLE_MODULES = YES;
				CLANG_ENABLE_OBJC_ARC = YES;
				CLANG_WARN_BOOL_CONVERSION = YES;
				CLANG_WARN_CONSTANT_CONVERSION = YES;
				CLANG_WARN_DIRECT_OBJC_ISA_USAGE = YES_ERROR;
				CLANG_WARN_EMPTY_BODY = YES;
				CLANG_WARN_ENUM_CONVERSION = YES;
				CLANG_WARN_INT_CONVERSION = YES;
				CLANG_WARN_OBJC_ROOT_CLASS = YES_ERROR;
				CLANG_WARN_UNREACHABLE_CODE = YES;
				CLANG_WARN__DUPLICATE_METHOD_MATCH = YES;
				"CODE_SIGN_IDENTITY[sdk=iphoneos*]" = "iPhone Developer";
				COPY_PHASE_STRIP = NO;
				DEBUG_INFORMATION_FORMAT = dwarf;
				ENABLE_STRICT_OBJC_MSGSEND = YES;
				ENABLE_TESTABILITY = YES;
				GCC_C_LANGUAGE_STANDARD = gnu99;
				GCC_DYNAMIC_NO_PIC = NO;
				GCC_NO_COMMON_BLOCKS = YES;
				GCC_OPTIMIZATION_LEVEL = 0;
				GCC_PREPROCESSOR_DEFINITIONS = (
					"DEBUG=1",
					"$(inherited)",
				);
				GCC_WARN_64_TO_32_BIT_CONVERSION = YES;
				GCC_WARN_ABOUT_RETURN_TYPE = YES_ERROR;
				GCC_WARN_UNDECLARED_SELECTOR = YES;
				GCC_WARN_UNINITIALIZED_AUTOS = YES_AGGRESSIVE;
				GCC_WARN_UNUSED_FUNCTION = YES;
				GCC_WARN_UNUSED_VARIABLE = YES;
				IPHONEOS_DEPLOYMENT_TARGET = 9.2;
				MTL_ENABLE_DEBUG_INFO = YES;
				ONLY_ACTIVE_ARCH = YES;
				SDKROOT = iphoneos;
				SWIFT_OPTIMIZATION_LEVEL = "-Onone";
			};
			name = Debug;
		};
		4C6CAA061C34D08400A92DFB /* Release */ = {
			isa = XCBuildConfiguration;
			buildSettings = {
				ALWAYS_SEARCH_USER_PATHS = NO;
				CLANG_CXX_LANGUAGE_STANDARD = "gnu++0x";
				CLANG_CXX_LIBRARY = "libc++";
				CLANG_ENABLE_MODULES = YES;
				CLANG_ENABLE_OBJC_ARC = YES;
				CLANG_WARN_BOOL_CONVERSION = YES;
				CLANG_WARN_CONSTANT_CONVERSION = YES;
				CLANG_WARN_DIRECT_OBJC_ISA_USAGE = YES_ERROR;
				CLANG_WARN_EMPTY_BODY = YES;
				CLANG_WARN_ENUM_CONVERSION = YES;
				CLANG_WARN_INT_CONVERSION = YES;
				CLANG_WARN_OBJC_ROOT_CLASS = YES_ERROR;
				CLANG_WARN_UNREACHABLE_CODE = YES;
				CLANG_WARN__DUPLICATE_METHOD_MATCH = YES;
				"CODE_SIGN_IDENTITY[sdk=iphoneos*]" = "iPhone Developer";
				COPY_PHASE_STRIP = NO;
				DEBUG_INFORMATION_FORMAT = "dwarf-with-dsym";
				ENABLE_NS_ASSERTIONS = NO;
				ENABLE_STRICT_OBJC_MSGSEND = YES;
				GCC_C_LANGUAGE_STANDARD = gnu99;
				GCC_NO_COMMON_BLOCKS = YES;
				GCC_WARN_64_TO_32_BIT_CONVERSION = YES;
				GCC_WARN_ABOUT_RETURN_TYPE = YES_ERROR;
				GCC_WARN_UNDECLARED_SELECTOR = YES;
				GCC_WARN_UNINITIALIZED_AUTOS = YES_AGGRESSIVE;
				GCC_WARN_UNUSED_FUNCTION = YES;
				GCC_WARN_UNUSED_VARIABLE = YES;
				IPHONEOS_DEPLOYMENT_TARGET = 9.2;
				MTL_ENABLE_DEBUG_INFO = NO;
				SDKROOT = iphoneos;
				VALIDATE_PRODUCT = YES;
			};
			name = Release;
		};
		4C6CAA081C34D08400A92DFB /* Debug */ = {
			isa = XCBuildConfiguration;
			buildSettings = {
				ASSETCATALOG_COMPILER_APPICON_NAME = AppIcon;
				INFOPLIST_FILE = Tipper/Info.plist;
				LD_RUNPATH_SEARCH_PATHS = "$(inherited) @executable_path/Frameworks";
				PRODUCT_BUNDLE_IDENTIFIER = com.codepath.Tipper;
				PRODUCT_NAME = "$(TARGET_NAME)";
			};
			name = Debug;
		};
		4C6CAA091C34D08400A92DFB /* Release */ = {
			isa = XCBuildConfiguration;
			buildSettings = {
				ASSETCATALOG_COMPILER_APPICON_NAME = AppIcon;
				INFOPLIST_FILE = Tipper/Info.plist;
				LD_RUNPATH_SEARCH_PATHS = "$(inherited) @executable_path/Frameworks";
				PRODUCT_BUNDLE_IDENTIFIER = com.codepath.Tipper;
				PRODUCT_NAME = "$(TARGET_NAME)";
			};
			name = Release;
		};
		4C6CAA0B1C34D08400A92DFB /* Debug */ = {
			isa = XCBuildConfiguration;
			buildSettings = {
				BUNDLE_LOADER = "$(TEST_HOST)";
				INFOPLIST_FILE = TipperTests/Info.plist;
				LD_RUNPATH_SEARCH_PATHS = "$(inherited) @executable_path/Frameworks @loader_path/Frameworks";
				PRODUCT_BUNDLE_IDENTIFIER = com.codepath.TipperTests;
				PRODUCT_NAME = "$(TARGET_NAME)";
				TEST_HOST = "$(BUILT_PRODUCTS_DIR)/Tipper.app/Tipper";
			};
			name = Debug;
		};
		4C6CAA0C1C34D08400A92DFB /* Release */ = {
			isa = XCBuildConfiguration;
			buildSettings = {
				BUNDLE_LOADER = "$(TEST_HOST)";
				INFOPLIST_FILE = TipperTests/Info.plist;
				LD_RUNPATH_SEARCH_PATHS = "$(inherited) @executable_path/Frameworks @loader_path/Frameworks";
				PRODUCT_BUNDLE_IDENTIFIER = com.codepath.TipperTests;
				PRODUCT_NAME = "$(TARGET_NAME)";
				TEST_HOST = "$(BUILT_PRODUCTS_DIR)/Tipper.app/Tipper";
			};
			name = Release;
		};
		4C6CAA0E1C34D08400A92DFB /* Debug */ = {
			isa = XCBuildConfiguration;
			buildSettings = {
				INFOPLIST_FILE = TipperUITests/Info.plist;
				LD_RUNPATH_SEARCH_PATHS = "$(inherited) @executable_path/Frameworks @loader_path/Frameworks";
				PRODUCT_BUNDLE_IDENTIFIER = com.codepath.TipperUITests;
				PRODUCT_NAME = "$(TARGET_NAME)";
				TEST_TARGET_NAME = Tipper;
				USES_XCTRUNNER = YES;
			};
			name = Debug;
		};
		4C6CAA0F1C34D08400A92DFB /* Release */ = {
			isa = XCBuildConfiguration;
			buildSettings = {
				INFOPLIST_FILE = TipperUITests/Info.plist;
				LD_RUNPATH_SEARCH_PATHS = "$(inherited) @executable_path/Frameworks @loader_path/Frameworks";
				PRODUCT_BUNDLE_IDENTIFIER = com.codepath.TipperUITests;
				PRODUCT_NAME = "$(TARGET_NAME)";
				TEST_TARGET_NAME = Tipper;
				USES_XCTRUNNER = YES;
			};
			name = Release;
		};
/* End XCBuildConfiguration section */

/* Begin XCConfigurationList section */
		4C6CA9DA1C34D08300A92DFB /* Build configuration list for PBXProject "Tipper" */ = {
			isa = XCConfigurationList;
			buildConfigurations = (
				4C6CAA051C34D08400A92DFB /* Debug */,
				4C6CAA061C34D08400A92DFB /* Release */,
			);
			defaultConfigurationIsVisible = 0;
			defaultConfigurationName = Release;
		};
		4C6CAA071C34D08400A92DFB /* Build configuration list for PBXNativeTarget "Tipper" */ = {
			isa = XCConfigurationList;
			buildConfigurations = (
				4C6CAA081C34D08400A92DFB /* Debug */,
				4C6CAA091C34D08400A92DFB /* Release */,
			);
			defaultConfigurationIsVisible = 0;
		};
		4C6CAA0A1C34D08400A92DFB /* Build configuration list for PBXNativeTarget "TipperTests" */ = {
			isa = XCConfigurationList;
			buildConfigurations = (
				4C6CAA0B1C34D08400A92DFB /* Debug */,
				4C6CAA0C1C34D08400A92DFB /* Release */,
			);
			defaultConfigurationIsVisible = 0;
		};
		4C6CAA0D1C34D08400A92DFB /* Build configuration list for PBXNativeTarget "TipperUITests" */ = {
			isa = XCConfigurationList;
			buildConfigurations = (
				4C6CAA0E1C34D08400A92DFB /* Debug */,
				4C6CAA0F1C34D08400A92DFB /* Release */,
			);
			defaultConfigurationIsVisible = 0;
		};
/* End XCConfigurationList section */
	};
	rootObject = 4C6CA9D71C34D08300A92DFB /* Project object */;
}
